github.com/shivam904455/Go-Practice/importexecutable/calculater v0.0.0-20230314052514-87565f065511 h1:M9TaVEmhDlWb/ShihJAy9RnbbPK0tGpzeQPd6fMFSpM=
github.com/shivam904455/Go-Practice/importexecutable/calculater v0.0.0-20230314052514-87565f065511/go.mod h1:nHvNCg9RTNlCkBSocpNhxZ2lXOxcsX3lT5LQlUr50YM=
